<?xml version="1.0" encoding="utf-8"?>
<Project ToolsVersion="4.0" xmlns="http://schemas.microsoft.com/developer/msbuild/2003">
  <ItemGroup>
    <Filter Include="Base">
      <UniqueIdentifier>{4FC737F1-C7A5-4376-A066-2A32D752A2FF}</UniqueIdentifier>
      <Extensions>cpp;c;cc;cxx;def;odl;idl;hpj;bat;asm;asmx</Extensions>
    </Filter>
    <Filter Include="Base\Utilities">
      <UniqueIdentifier>{d335f73c-af90-424b-a2fb-b60495b434dd}</UniqueIdentifier>
    </Filter>
    <Filter Include="Base\Base manager">
      <UniqueIdentifier>{4217eb7a-8331-43af-a8f9-53709f9a4819}</UniqueIdentifier>
    </Filter>
    <Filter Include="Mod manager">
      <UniqueIdentifier>{ab54f468-c8d3-406f-93d1-12799f06255c}</UniqueIdentifier>
    </Filter>
    <Filter Include="Base\CBaseWindow">
      <UniqueIdentifier>{f4e74dd6-3909-4373-a718-801647819753}</UniqueIdentifier>
    </Filter>
    <Filter Include="Pivot">
      <UniqueIdentifier>{5be29986-cacb-4877-a43c-49ae12a65edf}</UniqueIdentifier>
    </Filter>
    <Filter Include="Mods">
      <UniqueIdentifier>{d560f32c-7ae5-47ad-92b1-d91dd15df8c3}</UniqueIdentifier>
    </Filter>
    <Filter Include="Mods\Camera">
      <UniqueIdentifier>{3b0af85b-2e6c-4582-8022-fc638eda9a8e}</UniqueIdentifier>
    </Filter>
    <Filter Include="Mods\Camera\CamWindow">
      <UniqueIdentifier>{17a6d183-8924-4128-aae6-fa248a1e115a}</UniqueIdentifier>
    </Filter>
    <Filter Include="Mods\Effects">
      <UniqueIdentifier>{c38a951d-20b7-4555-b34f-636e3d2c32e7}</UniqueIdentifier>
    </Filter>
    <Filter Include="Mods\Effects\EffectsWindow">
      <UniqueIdentifier>{997e9b66-e287-4b86-8477-b3a4ba0de88a}</UniqueIdentifier>
    </Filter>
    <Filter Include="Pivot\MainForm">
      <UniqueIdentifier>{7ebde730-a8f3-4f14-bc2f-9061741d485b}</UniqueIdentifier>
    </Filter>
    <Filter Include="Mod manager\Mod manager">
      <UniqueIdentifier>{1c311ad8-84b3-4adf-8222-6abdb58c2dc4}</UniqueIdentifier>
    </Filter>
    <Filter Include="Mod manager\Frames">
      <UniqueIdentifier>{e67d333b-9d03-4086-9ad5-56e834567208}</UniqueIdentifier>
    </Filter>
    <Filter Include="Mod manager\Frames\CFrame">
      <UniqueIdentifier>{ac20ae0c-97d8-4aef-8d96-3a790a9ff60c}</UniqueIdentifier>
    </Filter>
  </ItemGroup>
  <ItemGroup>
    <ClCompile Include="DLLMain.cpp">
      <Filter>Base</Filter>
    </ClCompile>
    <ClCompile Include="Base.cpp">
      <Filter>Base\Base manager</Filter>
    </ClCompile>
    <ClCompile Include="CamWindow.cpp">
      <Filter>Mods\Camera\CamWindow</Filter>
    </ClCompile>
    <ClCompile Include="EffectsWindow.cpp">
      <Filter>Mods\Effects\EffectsWindow</Filter>
    </ClCompile>
    <ClCompile Include="Effects.cpp">
      <Filter>Mods\Effects</Filter>
    </ClCompile>
    <ClCompile Include="Camera.cpp">
      <Filter>Mods\Camera</Filter>
    </ClCompile>
    <ClCompile Include="MainForm.cpp">
      <Filter>Pivot\MainForm</Filter>
    </ClCompile>
    <ClCompile Include="ModManager.cpp">
      <Filter>Mod manager\Mod manager</Filter>
    </ClCompile>
    <ClCompile Include="CFrame.cpp">
      <Filter>Mod manager\Frames\CFrame</Filter>
    </ClCompile>
    <ClCompile Include="FrameManager.cpp">
      <Filter>Mod manager\Frames</Filter>
    </ClCompile>
  </ItemGroup>
  <ItemGroup>
    <ClInclude Include="CMenuItem.h">
      <Filter>Base\Utilities</Filter>
    </ClInclude>
    <ClInclude Include="Base.h">
      <Filter>Base\Base manager</Filter>
    </ClInclude>
    <ClInclude Include="APIHook.h">
      <Filter>Base\Utilities</Filter>
    </ClInclude>
    <ClInclude Include="CBaseWindow.h">
      <Filter>Base\CBaseWindow</Filter>
    </ClInclude>
    <ClInclude Include="Pivot.h">
      <Filter>Pivot</Filter>
    </ClInclude>
    <ClInclude Include="Signatures.h">
      <Filter>Base\Utilities</Filter>
    </ClInclude>
    <ClInclude Include="CamWindow.h">
      <Filter>Mods\Camera\CamWindow</Filter>
    </ClInclude>
    <ClInclude Include="JumpHook.h">
      <Filter>Base\Utilities</Filter>
    </ClInclude>
    <ClInclude Include="EffectsWindow.h">
      <Filter>Mods\Effects\EffectsWindow</Filter>
    </ClInclude>
    <ClInclude Include="Effects.h">
      <Filter>Mods\Effects</Filter>
    </ClInclude>
    <ClInclude Include="Camera.h">
      <Filter>Mods\Camera</Filter>
    </ClInclude>
    <ClInclude Include="MainForm.h">
      <Filter>Pivot\MainForm</Filter>
    </ClInclude>
    <ClInclude Include="ModManager.h">
      <Filter>Mod manager\Mod manager</Filter>
    </ClInclude>
    <ClInclude Include="FrameManager.h">
      <Filter>Mod manager\Frames</Filter>
    </ClInclude>
    <ClInclude Include="CFrame.h">
      <Filter>Mod manager\Frames\CFrame</Filter>
    </ClInclude>
  </ItemGroup>
</Project>